PODS:
  - youtube-ios-player-helper (0.1.6)

DEPENDENCIES:
  - youtube-ios-player-helper (~> 0.1)

SPEC REPOS:
  trunk:
    - youtube-ios-player-helper

SPEC CHECKSUMS:
  youtube-ios-player-helper: 21ab92db027c7ff86cb17a3843a3f6eafc8158d2

PODFILE CHECKSUM: 01f2cb27093de1e47e77f2c52bbf4f40b3cd7149

COCOAPODS: 1.11.3
